{
  "name": "dev",
  "version": "1.0.0",
  "lockfileVersion": 1,
  "requires": true,
  "dependencies": {
    "vkbeautify": {
      "version": "0.99.3",
      "resolved": "https://registry.npmjs.org/vkbeautify/-/vkbeautify-0.99.3.tgz",
      "integrity": "sha512-2ozZEFfmVvQcHWoHLNuiKlUfDKlhh4KGsy54U0UrlLMR1SO+XKAIDqBxtBwHgNrekurlJwE8A9K6L49T78ZQ9Q=="
    }
  }
}
